<?xml version="1.0" encoding="utf-8"?>
<Project ToolsVersion="4.0" xmlns="http://schemas.microsoft.com/developer/msbuild/2003">
  <ItemGroup>
    <Filter Include="Source Files">
      <UniqueIdentifier>{4FC737F1-C7A5-4376-A066-2A32D752A2FF}</UniqueIdentifier>
      <Extensions>cpp;c;cc;cxx;def;odl;idl;hpj;bat;asm;asmx</Extensions>
    </Filter>
    <Filter Include="Header Files">
      <UniqueIdentifier>{93995380-89BD-4b04-88EB-625FBE52EBFB}</UniqueIdentifier>
      <Extensions>h;hh;hpp;hxx;hm;inl;inc;xsd</Extensions>
    </Filter>
    <Filter Include="Resource Files">
      <UniqueIdentifier>{67DA6AB6-F800-4c08-8B7A-83BB121AAD01}</UniqueIdentifier>
      <Extensions>rc;ico;cur;bmp;dlg;rc2;rct;bin;rgs;gif;jpg;jpeg;jpe;resx;tiff;tif;png;wav;mfcribbon-ms</Extensions>
    </Filter>
    <Filter Include="Header Files\Pieces">
      <UniqueIdentifier>{f9054152-7580-4052-83c3-579ffe9efb26}</UniqueIdentifier>
    </Filter>
    <Filter Include="Source Files\Pieces">
      <UniqueIdentifier>{bde91132-859f-4e49-828d-0ec4fc0f513e}</UniqueIdentifier>
    </Filter>
  </ItemGroup>
  <ItemGroup>
    <ClInclude Include="Headers\Pieces\PieceType.h">
      <Filter>Source Files</Filter>
    </ClInclude>
    <ClInclude Include="Headers\Artificial\Artificial.h">
      <Filter>Header Files</Filter>
    </ClInclude>
    <ClInclude Include="Headers\Exceptions\NoLegalMoveException.h">
      <Filter>Header Files</Filter>
    </ClInclude>
    <ClInclude Include="Headers\utils\Hash.hpp">
      <Filter>Header Files</Filter>
    </ClInclude>
    <ClInclude Include="Headers\utils\Map.hpp">
      <Filter>Header Files</Filter>
    </ClInclude>
    <ClInclude Include="Headers\utils\Option.hpp">
      <Filter>Header Files</Filter>
    </ClInclude>
    <ClInclude Include="Headers\utils\Set.hpp">
      <Filter>Header Files</Filter>
    </ClInclude>
    <ClInclude Include="Headers\Pieces\Piece.h">
      <Filter>Header Files</Filter>
    </ClInclude>
    <ClInclude Include="Headers\Game\GameSet.h">
      <Filter>Header Files</Filter>
    </ClInclude>
    <ClInclude Include="Headers\Physics\FastMath.h">
      <Filter>Header Files</Filter>
    </ClInclude>
    <ClInclude Include="Headers\Boards\BitBoard.h">
      <Filter>Header Files</Filter>
    </ClInclude>
    <ClInclude Include="Headers\Boards\Board.h">
      <Filter>Header Files</Filter>
    </ClInclude>
    <ClInclude Include="Headers\Moves\Effectors\Move.h">
      <Filter>Header Files</Filter>
    </ClInclude>
    <ClInclude Include="Headers\Moves\Factories\MoveFactory.h">
      <Filter>Header Files</Filter>
    </ClInclude>
    <ClInclude Include="Headers\Moves\Effectors\SimpleMove.h">
      <Filter>Header Files</Filter>
    </ClInclude>
    <ClInclude Include="Headers\Game\GameStatus.h">
      <Filter>Header Files</Filter>
    </ClInclude>
    <ClInclude Include="Headers\Moves\Effectors\CaptureMove.h">
      <Filter>Header Files</Filter>
    </ClInclude>
    <ClInclude Include="Headers\Moves\Factories\PawnMoveFactory.h">
      <Filter>Header Files</Filter>
    </ClInclude>
    <ClInclude Include="Headers\Moves\Factories\BitBoardMoveConstants.h">
      <Filter>Header Files</Filter>
    </ClInclude>
    <ClInclude Include="Headers\Physics\Point.h">
      <Filter>Header Files</Filter>
    </ClInclude>
    <ClInclude Include="Headers\Boards\BoardHash.h">
      <Filter>Header Files</Filter>
    </ClInclude>
    <ClInclude Include="Headers\Moves\Factories\RookMoveFactory.h">
      <Filter>Header Files</Filter>
    </ClInclude>
    <ClInclude Include="Headers\Moves\Factories\BishopMoveFactory.h">
      <Filter>Header Files</Filter>
    </ClInclude>
    <ClInclude Include="Headers\Moves\Effectors\KillMove.h">
      <Filter>Header Files</Filter>
    </ClInclude>
    <ClInclude Include="Headers\Moves\Factories\KnightMoveFactory.h">
      <Filter>Header Files</Filter>
    </ClInclude>
    <ClInclude Include="Headers\Moves\Factories\QueenMoveFactory.h">
      <Filter>Header Files</Filter>
    </ClInclude>
    <ClInclude Include="Headers\Moves\Factories\KingMoveFactory.h">
      <Filter>Header Files</Filter>
    </ClInclude>
    <ClInclude Include="Headers\Boards\BitBoardRayConstants.h">
      <Filter>Header Files</Filter>
    </ClInclude>
    <ClInclude Include="Headers\Moves\Effectors\PromotionMove.h">
      <Filter>Header Files</Filter>
    </ClInclude>
    <ClInclude Include="Headers\Moves\Effectors\CapturePromotionMove.h">
      <Filter>Header Files</Filter>
    </ClInclude>
    <ClInclude Include="Headers\Moves\Effectors\CastleMove.h">
      <Filter>Header Files</Filter>
    </ClInclude>
    <ClInclude Include="Headers\Boards\CastleFlags.h">
      <Filter>Header Files</Filter>
    </ClInclude>
    <ClInclude Include="Headers\Moves\Effectors\CastleChecker.h">
      <Filter>Header Files</Filter>
    </ClInclude>
    <ClInclude Include="Headers\Moves\Factories\CastleMoveFactory.h">
      <Filter>Header Files</Filter>
    </ClInclude>
    <ClInclude Include="Headers\Artificial\BruteRecurseArtificial.h">
      <Filter>Header Files</Filter>
    </ClInclude>
    <ClInclude Include="Headers\Artificial\HeuristicSelectiveArtificial.h">
      <Filter>Header Files</Filter>
    </ClInclude>
  </ItemGroup>
  <ItemGroup>
    <ClCompile Include="Sources\Game\GameSet.cpp">
      <Filter>Source Files</Filter>
    </ClCompile>
    <ClCompile Include="Sources\Boards\Board.cpp">
      <Filter>Source Files</Filter>
    </ClCompile>
    <ClCompile Include="Sources\Moves\Factories\BitBoardMoveConstants.cpp">
      <Filter>Source Files</Filter>
    </ClCompile>
    <ClCompile Include="Sources\Physics\FastMath.cpp">
      <Filter>Source Files</Filter>
    </ClCompile>
    <ClCompile Include="Sources\Boards\BitBoards.cpp">
      <Filter>Source Files</Filter>
    </ClCompile>
    <ClCompile Include="Sources\Boards\BitBoardRayConstants.cpp">
      <Filter>Source Files</Filter>
    </ClCompile>
    <ClCompile Include="Sources\Moves\Effectors\SimpleMove.cpp">
      <Filter>Source Files</Filter>
    </ClCompile>
    <ClCompile Include="Sources\Moves\Effectors\PromotionMove.cpp">
      <Filter>Source Files</Filter>
    </ClCompile>
    <ClCompile Include="Sources\Moves\Effectors\CastleMove.cpp">
      <Filter>Source Files</Filter>
    </ClCompile>
    <ClCompile Include="Sources\Boards\CastleFlags.cpp">
      <Filter>Source Files</Filter>
    </ClCompile>
  </ItemGroup>
</Project>